// !$*UTF8*$!
{
	archiveVersion = 1;
	classes = {
	};
	objectVersion = 50;
	objects = {

/* Begin PBXBuildFile section */
		84526C412465379400DE19C4 /* SwiftyS4Lib.swift in Sources */ = {isa = PBXBuildFile; fileRef = 84526C402465379400DE19C4 /* SwiftyS4Lib.swift */; };
		846D4BF424651C8E002264D9 /* SwiftyS4Lib.h in Headers */ = {isa = PBXBuildFile; fileRef = 846D4BF224651C8E002264D9 /* SwiftyS4Lib.h */; settings = {ATTRIBUTES = (Public, ); }; };
		846D4C0124651CA1002264D9 /* AppDelegate.swift in Sources */ = {isa = PBXBuildFile; fileRef = 846D4C0024651CA1002264D9 /* AppDelegate.swift */; };
		846D4C0324651CA1002264D9 /* SceneDelegate.swift in Sources */ = {isa = PBXBuildFile; fileRef = 846D4C0224651CA1002264D9 /* SceneDelegate.swift */; };
		846D4C0524651CA1002264D9 /* ViewController.swift in Sources */ = {isa = PBXBuildFile; fileRef = 846D4C0424651CA1002264D9 /* ViewController.swift */; };
		846D4C0824651CA1002264D9 /* Main.storyboard in Resources */ = {isa = PBXBuildFile; fileRef = 846D4C0624651CA1002264D9 /* Main.storyboard */; };
		846D4C0A24651CA3002264D9 /* Assets.xcassets in Resources */ = {isa = PBXBuildFile; fileRef = 846D4C0924651CA3002264D9 /* Assets.xcassets */; };
		846D4C0D24651CA3002264D9 /* LaunchScreen.storyboard in Resources */ = {isa = PBXBuildFile; fileRef = 846D4C0B24651CA3002264D9 /* LaunchScreen.storyboard */; };
/* End PBXBuildFile section */

/* Begin PBXFileReference section */
		84526C402465379400DE19C4 /* SwiftyS4Lib.swift */ = {isa = PBXFileReference; lastKnownFileType = sourcecode.swift; path = SwiftyS4Lib.swift; sourceTree = "<group>"; };
		846D4BEF24651C8E002264D9 /* SwiftyS4Lib.framework */ = {isa = PBXFileReference; explicitFileType = wrapper.framework; includeInIndex = 0; path = SwiftyS4Lib.framework; sourceTree = BUILT_PRODUCTS_DIR; };
		846D4BF224651C8E002264D9 /* SwiftyS4Lib.h */ = {isa = PBXFileReference; lastKnownFileType = sourcecode.c.h; path = SwiftyS4Lib.h; sourceTree = "<group>"; };
		846D4BF324651C8E002264D9 /* Info.plist */ = {isa = PBXFileReference; lastKnownFileType = text.plist.xml; path = Info.plist; sourceTree = "<group>"; };
		846D4BFE24651CA1002264D9 /* SwiftyS4LibExample.app */ = {isa = PBXFileReference; explicitFileType = wrapper.application; includeInIndex = 0; path = SwiftyS4LibExample.app; sourceTree = BUILT_PRODUCTS_DIR; };
		846D4C0024651CA1002264D9 /* AppDelegate.swift */ = {isa = PBXFileReference; lastKnownFileType = sourcecode.swift; path = AppDelegate.swift; sourceTree = "<group>"; };
		846D4C0224651CA1002264D9 /* SceneDelegate.swift */ = {isa = PBXFileReference; lastKnownFileType = sourcecode.swift; path = SceneDelegate.swift; sourceTree = "<group>"; };
		846D4C0424651CA1002264D9 /* ViewController.swift */ = {isa = PBXFileReference; lastKnownFileType = sourcecode.swift; path = ViewController.swift; sourceTree = "<group>"; };
		846D4C0724651CA1002264D9 /* Base */ = {isa = PBXFileReference; lastKnownFileType = file.storyboard; name = Base; path = Base.lproj/Main.storyboard; sourceTree = "<group>"; };
		846D4C0924651CA3002264D9 /* Assets.xcassets */ = {isa = PBXFileReference; lastKnownFileType = folder.assetcatalog; path = Assets.xcassets; sourceTree = "<group>"; };
		846D4C0C24651CA3002264D9 /* Base */ = {isa = PBXFileReference; lastKnownFileType = file.storyboard; name = Base; path = Base.lproj/LaunchScreen.storyboard; sourceTree = "<group>"; };
		846D4C0E24651CA3002264D9 /* Info.plist */ = {isa = PBXFileReference; lastKnownFileType = text.plist.xml; path = Info.plist; sourceTree = "<group>"; };
/* End PBXFileReference section */

/* Begin PBXFrameworksBuildPhase section */
		846D4BEC24651C8E002264D9 /* Frameworks */ = {
			isa = PBXFrameworksBuildPhase;
			buildActionMask = 2147483647;
			files = (
			);
			runOnlyForDeploymentPostprocessing = 0;
		};
		846D4BFB24651CA1002264D9 /* Frameworks */ = {
			isa = PBXFrameworksBuildPhase;
			buildActionMask = 2147483647;
			files = (
			);
			runOnlyForDeploymentPostprocessing = 0;
		};
/* End PBXFrameworksBuildPhase section */

/* Begin PBXGroup section */
		846D4BE524651C8E002264D9 = {
			isa = PBXGroup;
			children = (
				846D4BF124651C8E002264D9 /* SwiftyS4Lib */,
				846D4BFF24651CA1002264D9 /* SwiftyS4LibExample */,
				846D4BF024651C8E002264D9 /* Products */,
			);
			sourceTree = "<group>";
		};
		846D4BF024651C8E002264D9 /* Products */ = {
			isa = PBXGroup;
			children = (
				846D4BEF24651C8E002264D9 /* SwiftyS4Lib.framework */,
				846D4BFE24651CA1002264D9 /* SwiftyS4LibExample.app */,
			);
			name = Products;
			sourceTree = "<group>";
		};
		846D4BF124651C8E002264D9 /* SwiftyS4Lib */ = {
			isa = PBXGroup;
			children = (
				846D4BF224651C8E002264D9 /* SwiftyS4Lib.h */,
				846D4BF324651C8E002264D9 /* Info.plist */,
				84526C402465379400DE19C4 /* SwiftyS4Lib.swift */,
			);
			path = SwiftyS4Lib;
			sourceTree = "<group>";
		};
		846D4BFF24651CA1002264D9 /* SwiftyS4LibExample */ = {
			isa = PBXGroup;
			children = (
				846D4C0024651CA1002264D9 /* AppDelegate.swift */,
				846D4C0224651CA1002264D9 /* SceneDelegate.swift */,
				846D4C0424651CA1002264D9 /* ViewController.swift */,
				846D4C0624651CA1002264D9 /* Main.storyboard */,
				846D4C0924651CA3002264D9 /* Assets.xcassets */,
				846D4C0B24651CA3002264D9 /* LaunchScreen.storyboard */,
				846D4C0E24651CA3002264D9 /* Info.plist */,
			);
			path = SwiftyS4LibExample;
			sourceTree = "<group>";
		};
/* End PBXGroup section */

/* Begin PBXHeadersBuildPhase section */
		846D4BEA24651C8E002264D9 /* Headers */ = {
			isa = PBXHeadersBuildPhase;
			buildActionMask = 2147483647;
			files = (
				846D4BF424651C8E002264D9 /* SwiftyS4Lib.h in Headers */,
			);
			runOnlyForDeploymentPostprocessing = 0;
		};
/* End PBXHeadersBuildPhase section */

/* Begin PBXNativeTarget section */
		846D4BEE24651C8E002264D9 /* SwiftyS4Lib */ = {
			isa = PBXNativeTarget;
			buildConfigurationList = 846D4BF724651C8E002264D9 /* Build configuration list for PBXNativeTarget "SwiftyS4Lib" */;
			buildPhases = (
				846D4BEA24651C8E002264D9 /* Headers */,
				846D4BEB24651C8E002264D9 /* Sources */,
				846D4BEC24651C8E002264D9 /* Frameworks */,
				846D4BED24651C8E002264D9 /* Resources */,
			);
			buildRules = (
			);
			dependencies = (
			);
			name = SwiftyS4Lib;
			productName = SwiftyS4Lib;
			productReference = 846D4BEF24651C8E002264D9 /* SwiftyS4Lib.framework */;
			productType = "com.apple.product-type.framework";
		};
		846D4BFD24651CA1002264D9 /* SwiftyS4LibExample */ = {
			isa = PBXNativeTarget;
			buildConfigurationList = 846D4C0F24651CA3002264D9 /* Build configuration list for PBXNativeTarget "SwiftyS4LibExample" */;
			buildPhases = (
				846D4BFA24651CA1002264D9 /* Sources */,
				846D4BFB24651CA1002264D9 /* Frameworks */,
				846D4BFC24651CA1002264D9 /* Resources */,
			);
			buildRules = (
			);
			dependencies = (
			);
			name = SwiftyS4LibExample;
			productName = SwiftyS4LibExample;
			productReference = 846D4BFE24651CA1002264D9 /* SwiftyS4LibExample.app */;
			productType = "com.apple.product-type.application";
		};
/* End PBXNativeTarget section */

/* Begin PBXProject section */
		846D4BE624651C8E002264D9 /* Project object */ = {
			isa = PBXProject;
			attributes = {
				LastSwiftUpdateCheck = 1140;
				LastUpgradeCheck = 1140;
				ORGANIZATIONNAME = NPM;
				TargetAttributes = {
					846D4BEE24651C8E002264D9 = {
						CreatedOnToolsVersion = 11.4.1;
						LastSwiftMigration = 1140;
					};
					846D4BFD24651CA1002264D9 = {
						CreatedOnToolsVersion = 11.4.1;
					};
				};
			};
			buildConfigurationList = 846D4BE924651C8E002264D9 /* Build configuration list for PBXProject "SwiftyS4Lib" */;
			compatibilityVersion = "Xcode 9.3";
			developmentRegion = en;
			hasScannedForEncodings = 0;
			knownRegions = (
				en,
				Base,
			);
			mainGroup = 846D4BE524651C8E002264D9;
			productRefGroup = 846D4BF024651C8E002264D9 /* Products */;
			projectDirPath = "";
			projectRoot = "";
			targets = (
				846D4BEE24651C8E002264D9 /* SwiftyS4Lib */,
				846D4BFD24651CA1002264D9 /* SwiftyS4LibExample */,
			);
		};
/* End PBXProject section */

/* Begin PBXResourcesBuildPhase section */
		846D4BED24651C8E002264D9 /* Resources */ = {
			isa = PBXResourcesBuildPhase;
			buildActionMask = 2147483647;
			files = (
			);
			runOnlyForDeploymentPostprocessing = 0;
		};
		846D4BFC24651CA1002264D9 /* Resources */ = {
			isa = PBXResourcesBuildPhase;
			buildActionMask = 2147483647;
			files = (
				846D4C0D24651CA3002264D9 /* LaunchScreen.storyboard in Resources */,
				846D4C0A24651CA3002264D9 /* Assets.xcassets in Resources */,
				846D4C0824651CA1002264D9 /* Main.storyboard in Resources */,
			);
			runOnlyForDeploymentPostprocessing = 0;
		};
/* End PBXResourcesBuildPhase section */

/* Begin PBXSourcesBuildPhase section */
		846D4BEB24651C8E002264D9 /* Sources */ = {
			isa = PBXSourcesBuildPhase;
			buildActionMask = 2147483647;
			files = (
				84526C412465379400DE19C4 /* SwiftyS4Lib.swift in Sources */,
			);
			runOnlyForDeploymentPostprocessing = 0;
		};
		846D4BFA24651CA1002264D9 /* Sources */ = {
			isa = PBXSourcesBuildPhase;
			buildActionMask = 2147483647;
			files = (
				846D4C0524651CA1002264D9 /* ViewController.swift in Sources */,
				846D4C0124651CA1002264D9 /* AppDelegate.swift in Sources */,
				846D4C0324651CA1002264D9 /* SceneDelegate.swift in Sources */,
			);
			runOnlyForDeploymentPostprocessing = 0;
		};
/* End PBXSourcesBuildPhase section */

/* Begin PBXVariantGroup section */
		846D4C0624651CA1002264D9 /* Main.storyboard */ = {
			isa = PBXVariantGroup;
			children = (
				846D4C0724651CA1002264D9 /* Base */,
			);
			name = Main.storyboard;
			sourceTree = "<group>";
		};
		846D4C0B24651CA3002264D9 /* LaunchScreen.storyboard */ = {
			isa = PBXVariantGroup;
			children = (
				846D4C0C24651CA3002264D9 /* Base */,
			);
			name = LaunchScreen.storyboard;
			sourceTree = "<group>";
		};
/* End PBXVariantGroup section */

/* Begin XCBuildConfiguration section */
		846D4BF524651C8E002264D9 /* Debug */ = {
			isa = XCBuildConfiguration;
			buildSettings = {
				ALWAYS_SEARCH_USER_PATHS = NO;
				CLANG_ANALYZER_NONNULL = YES;
				CLANG_ANALYZER_NUMBER_OBJECT_CONVERSION = YES_AGGRESSIVE;
				CLANG_CXX_LANGUAGE_STANDARD = "gnu++14";
				CLANG_CXX_LIBRARY = "libc++";
				CLANG_ENABLE_MODULES = YES;
				CLANG_ENABLE_OBJC_ARC = YES;
				CLANG_ENABLE_OBJC_WEAK = YES;
				CLANG_WARN_BLOCK_CAPTURE_AUTORELEASING = YES;
				CLANG_WARN_BOOL_CONVERSION = YES;
				CLANG_WARN_COMMA = YES;
				CLANG_WARN_CONSTANT_CONVERSION = YES;
				CLANG_WARN_DEPRECATED_OBJC_IMPLEMENTATIONS = YES;
				CLANG_WARN_DIRECT_OBJC_ISA_USAGE = YES_ERROR;
				CLANG_WARN_DOCUMENTATION_COMMENTS = YES;
				CLANG_WARN_EMPTY_BODY = YES;
				CLANG_WARN_ENUM_CONVERSION = YES;
				CLANG_WARN_INFINITE_RECURSION = YES;
				CLANG_WARN_INT_CONVERSION = YES;
				CLANG_WARN_NON_LITERAL_NULL_CONVERSION = YES;
				CLANG_WARN_OBJC_IMPLICIT_RETAIN_SELF = YES;
				CLANG_WARN_OBJC_LITERAL_CONVERSION = YES;
				CLANG_WARN_OBJC_ROOT_CLASS = YES_ERROR;
				CLANG_WARN_RANGE_LOOP_ANALYSIS = YES;
				CLANG_WARN_STRICT_PROTOTYPES = YES;
				CLANG_WARN_SUSPICIOUS_MOVE = YES;
				CLANG_WARN_UNGUARDED_AVAILABILITY = YES_AGGRESSIVE;
				CLANG_WARN_UNREACHABLE_CODE = YES;
				CLANG_WARN__DUPLICATE_METHOD_MATCH = YES;
				COPY_PHASE_STRIP = NO;
				CURRENT_PROJECT_VERSION = 1;
				DEBUG_INFORMATION_FORMAT = dwarf;
				ENABLE_STRICT_OBJC_MSGSEND = YES;
				ENABLE_TESTABILITY = YES;
				GCC_C_LANGUAGE_STANDARD = gnu11;
				GCC_DYNAMIC_NO_PIC = NO;
				GCC_NO_COMMON_BLOCKS = YES;
				GCC_OPTIMIZATION_LEVEL = 0;
				GCC_PREPROCESSOR_DEFINITIONS = (
					"DEBUG=1",
					"$(inherited)",
				);
				GCC_WARN_64_TO_32_BIT_CONVERSION = YES;
				GCC_WARN_ABOUT_RETURN_TYPE = YES_ERROR;
				GCC_WARN_UNDECLARED_SELECTOR = YES;
				GCC_WARN_UNINITIALIZED_AUTOS = YES_AGGRESSIVE;
				GCC_WARN_UNUSED_FUNCTION = YES;
				GCC_WARN_UNUSED_VARIABLE = YES;
				IPHONEOS_DEPLOYMENT_TARGET = 13.4;
				MTL_ENABLE_DEBUG_INFO = INCLUDE_SOURCE;
				MTL_FAST_MATH = YES;
				ONLY_ACTIVE_ARCH = YES;
				SDKROOT = iphoneos;
				SWIFT_ACTIVE_COMPILATION_CONDITIONS = DEBUG;
				SWIFT_OPTIMIZATION_LEVEL = "-Onone";
				VERSIONING_SYSTEM = "apple-generic";
				VERSION_INFO_PREFIX = "";
			};
			name = Debug;
		};
		846D4BF624651C8E002264D9 /* Release */ = {
			isa = XCBuildConfiguration;
			buildSettings = {
				ALWAYS_SEARCH_USER_PATHS = NO;
				CLANG_ANALYZER_NONNULL = YES;
				CLANG_ANALYZER_NUMBER_OBJECT_CONVERSION = YES_AGGRESSIVE;
				CLANG_CXX_LANGUAGE_STANDARD = "gnu++14";
				CLANG_CXX_LIBRARY = "libc++";
				CLANG_ENABLE_MODULES = YES;
				CLANG_ENABLE_OBJC_ARC = YES;
				CLANG_ENABLE_OBJC_WEAK = YES;
				CLANG_WARN_BLOCK_CAPTURE_AUTORELEASING = YES;
				CLANG_WARN_BOOL_CONVERSION = YES;
				CLANG_WARN_COMMA = YES;
				CLANG_WARN_CONSTANT_CONVERSION = YES;
				CLANG_WARN_DEPRECATED_OBJC_IMPLEMENTATIONS = YES;
				CLANG_WARN_DIRECT_OBJC_ISA_USAGE = YES_ERROR;
				CLANG_WARN_DOCUMENTATION_COMMENTS = YES;
				CLANG_WARN_EMPTY_BODY = YES;
				CLANG_WARN_ENUM_CONVERSION = YES;
				CLANG_WARN_INFINITE_RECURSION = YES;
				CLANG_WARN_INT_CONVERSION = YES;
				CLANG_WARN_NON_LITERAL_NULL_CONVERSION = YES;
				CLANG_WARN_OBJC_IMPLICIT_RETAIN_SELF = YES;
				CLANG_WARN_OBJC_LITERAL_CONVERSION = YES;
				CLANG_WARN_OBJC_ROOT_CLASS = YES_ERROR;
				CLANG_WARN_RANGE_LOOP_ANALYSIS = YES;
				CLANG_WARN_STRICT_PROTOTYPES = YES;
				CLANG_WARN_SUSPICIOUS_MOVE = YES;
				CLANG_WARN_UNGUARDED_AVAILABILITY = YES_AGGRESSIVE;
				CLANG_WARN_UNREACHABLE_CODE = YES;
				CLANG_WARN__DUPLICATE_METHOD_MATCH = YES;
				COPY_PHASE_STRIP = NO;
				CURRENT_PROJECT_VERSION = 1;
				DEBUG_INFORMATION_FORMAT = "dwarf-with-dsym";
				ENABLE_NS_ASSERTIONS = NO;
				ENABLE_STRICT_OBJC_MSGSEND = YES;
				GCC_C_LANGUAGE_STANDARD = gnu11;
				GCC_NO_COMMON_BLOCKS = YES;
				GCC_WARN_64_TO_32_BIT_CONVERSION = YES;
				GCC_WARN_ABOUT_RETURN_TYPE = YES_ERROR;
				GCC_WARN_UNDECLARED_SELECTOR = YES;
				GCC_WARN_UNINITIALIZED_AUTOS = YES_AGGRESSIVE;
				GCC_WARN_UNUSED_FUNCTION = YES;
				GCC_WARN_UNUSED_VARIABLE = YES;
				IPHONEOS_DEPLOYMENT_TARGET = 13.4;
				MTL_ENABLE_DEBUG_INFO = NO;
				MTL_FAST_MATH = YES;
				SDKROOT = iphoneos;
				SWIFT_COMPILATION_MODE = wholemodule;
				SWIFT_OPTIMIZATION_LEVEL = "-O";
				VALIDATE_PRODUCT = YES;
				VERSIONING_SYSTEM = "apple-generic";
				VERSION_INFO_PREFIX = "";
			};
			name = Release;
		};
		846D4BF824651C8E002264D9 /* Debug */ = {
			isa = XCBuildConfiguration;
			buildSettings = {
				CLANG_ENABLE_MODULES = YES;
				CODE_SIGN_STYLE = Automatic;
				DEFINES_MODULE = YES;
				DEVELOPMENT_TEAM = 647N93QW6C;
				DYLIB_COMPATIBILITY_VERSION = 1;
				DYLIB_CURRENT_VERSION = 1;
				DYLIB_INSTALL_NAME_BASE = "@rpath";
				INFOPLIST_FILE = SwiftyS4Lib/Info.plist;
				INSTALL_PATH = "$(LOCAL_LIBRARY_DIR)/Frameworks";
				LD_RUNPATH_SEARCH_PATHS = (
					"$(inherited)",
					"@executable_path/Frameworks",
					"@loader_path/Frameworks",
				);
				PRODUCT_BUNDLE_IDENTIFIER = NPM.SwiftyS4Lib;
				PRODUCT_NAME = "$(TARGET_NAME:c99extidentifier)";
				SKIP_INSTALL = YES;
				SWIFT_OPTIMIZATION_LEVEL = "-Onone";
				SWIFT_VERSION = 5.0;
				TARGETED_DEVICE_FAMILY = "1,2";
			};
			name = Debug;
		};
		846D4BF924651C8E002264D9 /* Release */ = {
			isa = XCBuildConfiguration;
			buildSettings = {
				CLANG_ENABLE_MODULES = YES;
				CODE_SIGN_STYLE = Automatic;
				DEFINES_MODULE = YES;
				DEVELOPMENT_TEAM = 647N93QW6C;
				DYLIB_COMPATIBILITY_VERSION = 1;
				DYLIB_CURRENT_VERSION = 1;
				DYLIB_INSTALL_NAME_BASE = "@rpath";
				INFOPLIST_FILE = SwiftyS4Lib/Info.plist;
				INSTALL_PATH = "$(LOCAL_LIBRARY_DIR)/Frameworks";
				LD_RUNPATH_SEARCH_PATHS = (
					"$(inherited)",
					"@executable_path/Frameworks",
					"@loader_path/Frameworks",
				);
				PRODUCT_BUNDLE_IDENTIFIER = NPM.SwiftyS4Lib;
				PRODUCT_NAME = "$(TARGET_NAME:c99extidentifier)";
				SKIP_INSTALL = YES;
				SWIFT_VERSION = 5.0;
				TARGETED_DEVICE_FAMILY = "1,2";
			};
			name = Release;
		};
		846D4C1024651CA3002264D9 /* Debug */ = {
			isa = XCBuildConfiguration;
			buildSettings = {
				ASSETCATALOG_COMPILER_APPICON_NAME = AppIcon;
				CODE_SIGN_STYLE = Automatic;
				DEVELOPMENT_TEAM = 647N93QW6C;
				INFOPLIST_FILE = SwiftyS4LibExample/Info.plist;
				LD_RUNPATH_SEARCH_PATHS = (
					"$(inherited)",
					"@executable_path/Frameworks",
				);
				PRODUCT_BUNDLE_IDENTIFIER = NPM.SwiftyS4LibExample;
				PRODUCT_NAME = "$(TARGET_NAME)";
				SWIFT_VERSION = 5.0;
				TARGETED_DEVICE_FAMILY = "1,2";
			};
			name = Debug;
		};
		846D4C1124651CA3002264D9 /* Release */ = {
			isa = XCBuildConfiguration;
			buildSettings = {
				ASSETCATALOG_COMPILER_APPICON_NAME = AppIcon;
				CODE_SIGN_STYLE = Automatic;
				DEVELOPMENT_TEAM = 647N93QW6C;
				INFOPLIST_FILE = SwiftyS4LibExample/Info.plist;
				LD_RUNPATH_SEARCH_PATHS = (
					"$(inherited)",
					"@executable_path/Frameworks",
				);
				PRODUCT_BUNDLE_IDENTIFIER = NPM.SwiftyS4LibExample;
				PRODUCT_NAME = "$(TARGET_NAME)";
				SWIFT_VERSION = 5.0;
				TARGETED_DEVICE_FAMILY = "1,2";
			};
			name = Release;
		};
/* End XCBuildConfiguration section */

/* Begin XCConfigurationList section */
		846D4BE924651C8E002264D9 /* Build configuration list for PBXProject "SwiftyS4Lib" */ = {
			isa = XCConfigurationList;
			buildConfigurations = (
				846D4BF524651C8E002264D9 /* Debug */,
				846D4BF624651C8E002264D9 /* Release */,
			);
			defaultConfigurationIsVisible = 0;
			defaultConfigurationName = Release;
		};
		846D4BF724651C8E002264D9 /* Build configuration list for PBXNativeTarget "SwiftyS4Lib" */ = {
			isa = XCConfigurationList;
			buildConfigurations = (
				846D4BF824651C8E002264D9 /* Debug */,
				846D4BF924651C8E002264D9 /* Release */,
			);
			defaultConfigurationIsVisible = 0;
			defaultConfigurationName = Release;
		};
		846D4C0F24651CA3002264D9 /* Build configuration list for PBXNativeTarget "SwiftyS4LibExample" */ = {
			isa = XCConfigurationList;
			buildConfigurations = (
				846D4C1024651CA3002264D9 /* Debug */,
				846D4C1124651CA3002264D9 /* Release */,
			);
			defaultConfigurationIsVisible = 0;
			defaultConfigurationName = Release;
		};
/* End XCConfigurationList section */
	};
	rootObject = 846D4BE624651C8E002264D9 /* Project object */;
}
